
Microsoft Visual Studio Solution File, Format Version 12.00
# Visual Studio Version 17
VisualStudioVersion = 17.3.32825.248
MinimumVisualStudioVersion = 10.0.40219.1
Project("{FAE04EC0-301F-11D3-BF4B-00C04F79EFBC}") = "Task4.2", "Task4.2\Task4.2.csproj", "{D7B9F05D-7CB9-4B78-94A2-43FDD7861040}"
EndProject
Project("{FAE04EC0-301F-11D3-BF4B-00C04F79EFBC}") = "Task4.3", "Task4.3\Task4.3.csproj", "{CB08CC5C-3C9E-466C-AE7D-DB30C4D3379F}"
EndProject
Project("{FAE04EC0-301F-11D3-BF4B-00C04F79EFBC}") = "Task4.4", "Task4.4\Task4.4.csproj", "{925D3F16-1B44-409A-AC0C-A89DB49151EA}"
EndProject
Project("{FAE04EC0-301F-11D3-BF4B-00C04F79EFBC}") = "Task4.6", "Task4.6\Task4.6.csproj", "{38F214FF-1E03-4A9B-A81A-46831D897586}"
EndProject
Global
	GlobalSection(SolutionConfigurationPlatforms) = preSolution
		Debug|Any CPU = Debug|Any CPU
		Release|Any CPU = Release|Any CPU
	EndGlobalSection
	GlobalSection(ProjectConfigurationPlatforms) = postSolution
		{D7B9F05D-7CB9-4B78-94A2-43FDD7861040}.Debug|Any CPU.ActiveCfg = Debug|Any CPU
		{D7B9F05D-7CB9-4B78-94A2-43FDD7861040}.Debug|Any CPU.Build.0 = Debug|Any CPU
		{D7B9F05D-7CB9-4B78-94A2-43FDD7861040}.Release|Any CPU.ActiveCfg = Release|Any CPU
		{D7B9F05D-7CB9-4B78-94A2-43FDD7861040}.Release|Any CPU.Build.0 = Release|Any CPU
		{CB08CC5C-3C9E-466C-AE7D-DB30C4D3379F}.Debug|Any CPU.ActiveCfg = Debug|Any CPU
		{CB08CC5C-3C9E-466C-AE7D-DB30C4D3379F}.Debug|Any CPU.Build.0 = Debug|Any CPU
		{CB08CC5C-3C9E-466C-AE7D-DB30C4D3379F}.Release|Any CPU.ActiveCfg = Release|Any CPU
		{CB08CC5C-3C9E-466C-AE7D-DB30C4D3379F}.Release|Any CPU.Build.0 = Release|Any CPU
		{925D3F16-1B44-409A-AC0C-A89DB49151EA}.Debug|Any CPU.ActiveCfg = Debug|Any CPU
		{925D3F16-1B44-409A-AC0C-A89DB49151EA}.Debug|Any CPU.Build.0 = Debug|Any CPU
		{925D3F16-1B44-409A-AC0C-A89DB49151EA}.Release|Any CPU.ActiveCfg = Release|Any CPU
		{925D3F16-1B44-409A-AC0C-A89DB49151EA}.Release|Any CPU.Build.0 = Release|Any CPU
		{38F214FF-1E03-4A9B-A81A-46831D897586}.Debug|Any CPU.ActiveCfg = Debug|Any CPU
		{38F214FF-1E03-4A9B-A81A-46831D897586}.Debug|Any CPU.Build.0 = Debug|Any CPU
		{38F214FF-1E03-4A9B-A81A-46831D897586}.Release|Any CPU.ActiveCfg = Release|Any CPU
		{38F214FF-1E03-4A9B-A81A-46831D897586}.Release|Any CPU.Build.0 = Release|Any CPU
	EndGlobalSection
	GlobalSection(SolutionProperties) = preSolution
		HideSolutionNode = FALSE
	EndGlobalSection
	GlobalSection(ExtensibilityGlobals) = postSolution
		SolutionGuid = {CD90F7DD-3A4C-402C-ABDD-D70C8312C86B}
	EndGlobalSection
EndGlobal
